{
  "pins" : [
    {
      "identity" : "aexml",
      "kind" : "remoteSourceControl",
      "location" : "https://github.com/tadija/AEXML",
      "state" : {
        "revision" : "38f7d00b23ecd891e1ee656fa6aeebd6ba04ecc3",
        "version" : "4.6.1"
      }
    },
    {
      "identity" : "logger",
      "kind" : "remoteSourceControl",
      "location" : "https://github.com/shibapm/Logger",
      "state" : {
        "revision" : "53c3ecca5abe8cf46697e33901ee774236d94cce",
        "version" : "0.2.3"
      }
    },
    {
      "identity" : "octokit.swift",
      "kind" : "remoteSourceControl",
      "location" : "https://github.com/nerdishbynature/octokit.swift",
      "state" : {
        "revision" : "f762f1566f7cd0e683b9329f169c28ab6ef993cc",
        "version" : "0.12.0"
      }
    },
    {
      "identity" : "pathkit",
      "kind" : "remoteSourceControl",
      "location" : "https://github.com/kylef/PathKit.git",
      "state" : {
        "revision" : "3bfd2737b700b9a36565a8c94f4ad2b050a5e574",
        "version" : "1.0.1"
      }
    },
    {
      "identity" : "periphery",
      "kind" : "remoteSourceControl",
      "location" : "https://github.com/peripheryapp/periphery",
      "state" : {
        "revision" : "5182b803cd852276203ee3e3b5af753acde16d0f",
        "version" : "2.15.0"
      }
    },
    {
      "identity" : "requestkit",
      "kind" : "remoteSourceControl",
      "location" : "https://github.com/nerdishbynature/RequestKit.git",
      "state" : {
        "revision" : "8b0258ea2a4345cbcac90509b764faacea12efb0",
        "version" : "3.2.1"
      }
    },
    {
      "identity" : "spectre",
      "kind" : "remoteSourceControl",
      "location" : "https://github.com/kylef/Spectre.git",
      "state" : {
        "revision" : "26cc5e9ae0947092c7139ef7ba612e34646086c7",
        "version" : "0.10.1"
      }
    },
    {
      "identity" : "swift",
      "kind" : "remoteSourceControl",
      "location" : "https://github.com/danger/swift.git",
      "state" : {
        "revision" : "0a4b52f4518974cbd2cc45c29d33cb54a303f81d",
        "version" : "3.15.0"
      }
    },
    {
      "identity" : "swift-argument-parser",
      "kind" : "remoteSourceControl",
      "location" : "https://github.com/apple/swift-argument-parser",
      "state" : {
        "revision" : "fddd1c00396eed152c45a46bea9f47b98e59301d",
        "version" : "1.2.0"
      }
    },
    {
      "identity" : "swift-filename-matcher",
      "kind" : "remoteSourceControl",
      "location" : "https://github.com/ileitch/swift-filename-matcher",
      "state" : {
        "revision" : "17eaeaf60f2703e3ef826de94149c88a78953fd3",
        "version" : "0.1.1"
      }
    },
    {
      "identity" : "swift-indexstore",
      "kind" : "remoteSourceControl",
      "location" : "https://github.com/ileitch/swift-indexstore",
      "state" : {
        "revision" : "246d455063ddc8faf3ad791c4488e1f60c59aabd",
        "version" : "9.0.3"
      }
    },
    {
      "identity" : "swift-shell",
      "kind" : "remoteSourceControl",
      "location" : "https://github.com/taji-taji/swift-shell.git",
      "state" : {
        "revision" : "ebbf4c33f5c81bd89a2b038f98b35e373566d668",
        "version" : "1.0.1"
      }
    },
    {
      "identity" : "swift-syntax",
      "kind" : "remoteSourceControl",
      "location" : "https://github.com/peripheryapp/swift-syntax",
      "state" : {
        "revision" : "56ef324e094ad1e655ae7d8c8dabadc7e6bd64e9",
        "version" : "1.0.2"
      }
    },
    {
      "identity" : "swift-system",
      "kind" : "remoteSourceControl",
      "location" : "https://github.com/apple/swift-system",
      "state" : {
        "revision" : "025bcb1165deab2e20d4eaba79967ce73013f496",
        "version" : "1.2.1"
      }
    },
    {
      "identity" : "version",
      "kind" : "remoteSourceControl",
      "location" : "https://github.com/mxcl/Version",
      "state" : {
        "revision" : "1fe824b80d89201652e7eca7c9252269a1d85e25",
        "version" : "2.0.1"
      }
    },
    {
      "identity" : "xcodeproj",
      "kind" : "remoteSourceControl",
      "location" : "https://github.com/tuist/xcodeproj",
      "state" : {
        "revision" : "b6de1bfe021b861c94e7c83821b595083f74b997",
        "version" : "8.8.0"
      }
    },
    {
      "identity" : "yams",
      "kind" : "remoteSourceControl",
      "location" : "https://github.com/jpsim/Yams",
      "state" : {
        "revision" : "01835dc202670b5bb90d07f3eae41867e9ed29f6",
        "version" : "5.0.1"
      }
    }
  ],
  "version" : 2
}
